
Microsoft Visual Studio Solution File, Format Version 12.00
# Visual Studio Version 16
VisualStudioVersion = 16.0.31025.194
MinimumVisualStudioVersion = 10.0.40219.1
Project("{9A19103F-16F7-4668-BE54-9A1E7A4F7556}") = "RabbitMQ_Produer", "RabbitMQ_Produer\RabbitMQ_Produer.csproj", "{22F23E81-4B31-414D-B2E0-5AA2BFF604DC}"
EndProject
Project("{9A19103F-16F7-4668-BE54-9A1E7A4F7556}") = "RabbitMQ_Consume", "RabbitMQ_Consume\RabbitMQ_Consume.csproj", "{9CCBC426-3069-485F-B7A2-F9AA026EA9D6}"
EndProject
Global
	GlobalSection(SolutionConfigurationPlatforms) = preSolution
		Debug|Any CPU = Debug|Any CPU
		Release|Any CPU = Release|Any CPU
	EndGlobalSection
	GlobalSection(ProjectConfigurationPlatforms) = postSolution
		{22F23E81-4B31-414D-B2E0-5AA2BFF604DC}.Debug|Any CPU.ActiveCfg = Debug|Any CPU
		{22F23E81-4B31-414D-B2E0-5AA2BFF604DC}.Debug|Any CPU.Build.0 = Debug|Any CPU
		{22F23E81-4B31-414D-B2E0-5AA2BFF604DC}.Release|Any CPU.ActiveCfg = Release|Any CPU
		{22F23E81-4B31-414D-B2E0-5AA2BFF604DC}.Release|Any CPU.Build.0 = Release|Any CPU
		{9CCBC426-3069-485F-B7A2-F9AA026EA9D6}.Debug|Any CPU.ActiveCfg = Debug|Any CPU
		{9CCBC426-3069-485F-B7A2-F9AA026EA9D6}.Debug|Any CPU.Build.0 = Debug|Any CPU
		{9CCBC426-3069-485F-B7A2-F9AA026EA9D6}.Release|Any CPU.ActiveCfg = Release|Any CPU
		{9CCBC426-3069-485F-B7A2-F9AA026EA9D6}.Release|Any CPU.Build.0 = Release|Any CPU
	EndGlobalSection
	GlobalSection(SolutionProperties) = preSolution
		HideSolutionNode = FALSE
	EndGlobalSection
	GlobalSection(ExtensibilityGlobals) = postSolution
		SolutionGuid = {B86ED1E5-CAD4-4C84-BCC7-25CC2AC394BF}
	EndGlobalSection
EndGlobal
